
Microsoft Visual Studio Solution File, Format Version 12.00
# Visual Studio Version 17
VisualStudioVersion = 17.4.33213.308
MinimumVisualStudioVersion = 10.0.40219.1
Project("{FAE04EC0-301F-11D3-BF4B-00C04F79EFBC}") = "SignalRStreamTestApp", "SignalRStreamTestApp\SignalRStreamTestApp.csproj", "{7EE222F6-2B04-42BA-8240-13A44CB27011}"
EndProject
Global
	GlobalSection(SolutionConfigurationPlatforms) = preSolution
		Debug|Any CPU = Debug|Any CPU
		Release|Any CPU = Release|Any CPU
	EndGlobalSection
	GlobalSection(ProjectConfigurationPlatforms) = postSolution
		{7EE222F6-2B04-42BA-8240-13A44CB27011}.Debug|Any CPU.ActiveCfg = Debug|Any CPU
		{7EE222F6-2B04-42BA-8240-13A44CB27011}.Debug|Any CPU.Build.0 = Debug|Any CPU
		{7EE222F6-2B04-42BA-8240-13A44CB27011}.Release|Any CPU.ActiveCfg = Release|Any CPU
		{7EE222F6-2B04-42BA-8240-13A44CB27011}.Release|Any CPU.Build.0 = Release|Any CPU
	EndGlobalSection
	GlobalSection(SolutionProperties) = preSolution
		HideSolutionNode = FALSE
	EndGlobalSection
	GlobalSection(ExtensibilityGlobals) = postSolution
		SolutionGuid = {4467B9F7-A3DC-4F8D-905F-595AD0A38144}
	EndGlobalSection
EndGlobal
